
Microsoft Visual Studio Solution File, Format Version 12.00
# Visual Studio 15
VisualStudioVersion = 15.0.27703.2026
MinimumVisualStudioVersion = 10.0.40219.1
Project("{FAE04EC0-301F-11D3-BF4B-00C04F79EFBC}") = "input output", "input output\input output.csproj", "{EBE853D9-DDFD-48F1-96AC-37B4296F4590}"
EndProject
Global
	GlobalSection(SolutionConfigurationPlatforms) = preSolution
		Debug|Any CPU = Debug|Any CPU
		Release|Any CPU = Release|Any CPU
	EndGlobalSection
	GlobalSection(ProjectConfigurationPlatforms) = postSolution
		{EBE853D9-DDFD-48F1-96AC-37B4296F4590}.Debug|Any CPU.ActiveCfg = Debug|Any CPU
		{EBE853D9-DDFD-48F1-96AC-37B4296F4590}.Debug|Any CPU.Build.0 = Debug|Any CPU
		{EBE853D9-DDFD-48F1-96AC-37B4296F4590}.Release|Any CPU.ActiveCfg = Release|Any CPU
		{EBE853D9-DDFD-48F1-96AC-37B4296F4590}.Release|Any CPU.Build.0 = Release|Any CPU
	EndGlobalSection
	GlobalSection(SolutionProperties) = preSolution
		HideSolutionNode = FALSE
	EndGlobalSection
	GlobalSection(ExtensibilityGlobals) = postSolution
		SolutionGuid = {33AC38D9-C9FD-46B3-A2EA-71BBDA99A178}
	EndGlobalSection
EndGlobal
