
Microsoft Visual Studio Solution File, Format Version 12.00
# Visual Studio 15
VisualStudioVersion = 15.0.27703.2026
MinimumVisualStudioVersion = 10.0.40219.1
Project("{FAE04EC0-301F-11D3-BF4B-00C04F79EFBC}") = "BMI calc 2", "BMI calc 2\BMI calc 2.csproj", "{958C3CAA-DC8C-4A56-9028-81EB0FD1E936}"
EndProject
Global
	GlobalSection(SolutionConfigurationPlatforms) = preSolution
		Debug|Any CPU = Debug|Any CPU
		Release|Any CPU = Release|Any CPU
	EndGlobalSection
	GlobalSection(ProjectConfigurationPlatforms) = postSolution
		{958C3CAA-DC8C-4A56-9028-81EB0FD1E936}.Debug|Any CPU.ActiveCfg = Debug|Any CPU
		{958C3CAA-DC8C-4A56-9028-81EB0FD1E936}.Debug|Any CPU.Build.0 = Debug|Any CPU
		{958C3CAA-DC8C-4A56-9028-81EB0FD1E936}.Release|Any CPU.ActiveCfg = Release|Any CPU
		{958C3CAA-DC8C-4A56-9028-81EB0FD1E936}.Release|Any CPU.Build.0 = Release|Any CPU
	EndGlobalSection
	GlobalSection(SolutionProperties) = preSolution
		HideSolutionNode = FALSE
	EndGlobalSection
	GlobalSection(ExtensibilityGlobals) = postSolution
		SolutionGuid = {9E6EA05D-6D3B-4AFA-9241-36A8CA41E6B2}
	EndGlobalSection
EndGlobal
