
Microsoft Visual Studio Solution File, Format Version 12.00
# Visual Studio 15
VisualStudioVersion = 15.0.27703.2026
MinimumVisualStudioVersion = 10.0.40219.1
Project("{FAE04EC0-301F-11D3-BF4B-00C04F79EFBC}") = "SongLyrics", "SongLyrics\SongLyrics.csproj", "{1D37AF34-A7E8-45A6-8104-63959486A48C}"
EndProject
Global
	GlobalSection(SolutionConfigurationPlatforms) = preSolution
		Debug|Any CPU = Debug|Any CPU
		Release|Any CPU = Release|Any CPU
	EndGlobalSection
	GlobalSection(ProjectConfigurationPlatforms) = postSolution
		{1D37AF34-A7E8-45A6-8104-63959486A48C}.Debug|Any CPU.ActiveCfg = Debug|Any CPU
		{1D37AF34-A7E8-45A6-8104-63959486A48C}.Debug|Any CPU.Build.0 = Debug|Any CPU
		{1D37AF34-A7E8-45A6-8104-63959486A48C}.Release|Any CPU.ActiveCfg = Release|Any CPU
		{1D37AF34-A7E8-45A6-8104-63959486A48C}.Release|Any CPU.Build.0 = Release|Any CPU
	EndGlobalSection
	GlobalSection(SolutionProperties) = preSolution
		HideSolutionNode = FALSE
	EndGlobalSection
	GlobalSection(ExtensibilityGlobals) = postSolution
		SolutionGuid = {5508F087-E760-40D2-8686-E7C12CE40423}
	EndGlobalSection
EndGlobal
