
Microsoft Visual Studio Solution File, Format Version 12.00
# Visual Studio 15
VisualStudioVersion = 15.0.27703.2026
MinimumVisualStudioVersion = 10.0.40219.1
Project("{FAE04EC0-301F-11D3-BF4B-00C04F79EFBC}") = "ListProject2", "ListProject2\ListProject2.csproj", "{E4D41B96-BD48-45B3-819C-F948D1F7CA68}"
EndProject
Global
	GlobalSection(SolutionConfigurationPlatforms) = preSolution
		Debug|Any CPU = Debug|Any CPU
		Release|Any CPU = Release|Any CPU
	EndGlobalSection
	GlobalSection(ProjectConfigurationPlatforms) = postSolution
		{E4D41B96-BD48-45B3-819C-F948D1F7CA68}.Debug|Any CPU.ActiveCfg = Debug|Any CPU
		{E4D41B96-BD48-45B3-819C-F948D1F7CA68}.Debug|Any CPU.Build.0 = Debug|Any CPU
		{E4D41B96-BD48-45B3-819C-F948D1F7CA68}.Release|Any CPU.ActiveCfg = Release|Any CPU
		{E4D41B96-BD48-45B3-819C-F948D1F7CA68}.Release|Any CPU.Build.0 = Release|Any CPU
	EndGlobalSection
	GlobalSection(SolutionProperties) = preSolution
		HideSolutionNode = FALSE
	EndGlobalSection
	GlobalSection(ExtensibilityGlobals) = postSolution
		SolutionGuid = {B4485D75-7607-4A39-8DB4-AE2BAE855381}
	EndGlobalSection
EndGlobal
